[[package]]
name = "pygithub-readonly"
version = "1.34.post3"
description = "This fork of PyGithub provides support for read-only deploy keys"
category = "main"
optional = false
python-versions = "*"

[package.dependencies]
pyjwt = "*"

[[package]]
name = "pyjwt"
version = "2.0.1"
description = "JSON Web Token implementation in Python"
category = "main"
optional = false
python-versions = ">=3.6"

[package.extras]
crypto = ["cryptography (>=3.3.1,<4.0.0)"]
dev = ["sphinx", "sphinx-rtd-theme", "zope.interface", "cryptography (>=3.3.1,<4.0.0)", "pytest (>=6.0.0,<7.0.0)", "coverage[toml] (==5.0.4)", "mypy", "pre-commit"]
docs = ["sphinx", "sphinx-rtd-theme", "zope.interface"]
tests = ["pytest (>=6.0.0,<7.0.0)", "coverage[toml] (==5.0.4)"]

[metadata]
lock-version = "1.1"
python-versions = "^3.8"
content-hash = "1a4ad4834e4039c90f975146d728124ff61e168bc55bb1cba0cfe106ea2e6ff3"

[metadata.files]
pygithub-readonly = [
    {file = "PyGithub-ReadOnly-1.34.post3.tar.gz", hash = "sha256:d70ddfa867a489dd5c0eccd9a17f614a730893a6a96eeb717bd876e681498955"},
    {file = "PyGithub_ReadOnly-1.34.post3-py3-none-any.whl", hash = "sha256:ade1be315943bda33f05d0906a30e40e420262a2ed3e51eee64540b6cb02b2ac"},
]
pyjwt = [
    {file = "PyJWT-2.0.1-py3-none-any.whl", hash = "sha256:b70b15f89dc69b993d8a8d32c299032d5355c82f9b5b7e851d1a6d706dffe847"},
    {file = "PyJWT-2.0.1.tar.gz", hash = "sha256:a5c70a06e1f33d81ef25eecd50d50bd30e34de1ca8b2b9fa3fe0daaabcf69bf7"},
]
